
Microsoft Visual Studio Solution File, Format Version 12.00
# Visual Studio Version 16
VisualStudioVersion = 16.0.31613.86
MinimumVisualStudioVersion = 10.0.40219.1
Project("{FAE04EC0-301F-11D3-BF4B-00C04F79EFBC}") = "TestProject1", "TestProject1.csproj", "{EB8BC0A6-A45C-4951-9D41-4B5A93942799}"
EndProject
Global
	GlobalSection(SolutionConfigurationPlatforms) = preSolution
		Debug|Any CPU = Debug|Any CPU
		Release|Any CPU = Release|Any CPU
	EndGlobalSection
	GlobalSection(ProjectConfigurationPlatforms) = postSolution
		{EB8BC0A6-A45C-4951-9D41-4B5A93942799}.Debug|Any CPU.ActiveCfg = Debug|Any CPU
		{EB8BC0A6-A45C-4951-9D41-4B5A93942799}.Debug|Any CPU.Build.0 = Debug|Any CPU
		{EB8BC0A6-A45C-4951-9D41-4B5A93942799}.Release|Any CPU.ActiveCfg = Release|Any CPU
		{EB8BC0A6-A45C-4951-9D41-4B5A93942799}.Release|Any CPU.Build.0 = Release|Any CPU
	EndGlobalSection
	GlobalSection(SolutionProperties) = preSolution
		HideSolutionNode = FALSE
	EndGlobalSection
	GlobalSection(ExtensibilityGlobals) = postSolution
		SolutionGuid = {50C3DBF4-0D1D-44F4-AD7B-DF1EC561DC4F}
	EndGlobalSection
EndGlobal
